
Microsoft Visual Studio Solution File, Format Version 12.00
# Visual Studio Version 16
VisualStudioVersion = 16.0.28803.452
MinimumVisualStudioVersion = 10.0.40219.1
Project("{8BC9CEB8-8B4A-11D0-8D11-00A0C91BC942}") = "Project4", "Project4.vcxproj", "{EC82CB5F-0F62-435D-94FD-4D6270E9A093}"
EndProject
Global
	GlobalSection(SolutionConfigurationPlatforms) = preSolution
		Debug|x64 = Debug|x64
		Debug|x86 = Debug|x86
		Release|x64 = Release|x64
		Release|x86 = Release|x86
	EndGlobalSection
	GlobalSection(ProjectConfigurationPlatforms) = postSolution
		{EC82CB5F-0F62-435D-94FD-4D6270E9A093}.Debug|x64.ActiveCfg = Debug|x64
		{EC82CB5F-0F62-435D-94FD-4D6270E9A093}.Debug|x64.Build.0 = Debug|x64
		{EC82CB5F-0F62-435D-94FD-4D6270E9A093}.Debug|x86.ActiveCfg = Debug|Win32
		{EC82CB5F-0F62-435D-94FD-4D6270E9A093}.Debug|x86.Build.0 = Debug|Win32
		{EC82CB5F-0F62-435D-94FD-4D6270E9A093}.Release|x64.ActiveCfg = Release|x64
		{EC82CB5F-0F62-435D-94FD-4D6270E9A093}.Release|x64.Build.0 = Release|x64
		{EC82CB5F-0F62-435D-94FD-4D6270E9A093}.Release|x86.ActiveCfg = Release|Win32
		{EC82CB5F-0F62-435D-94FD-4D6270E9A093}.Release|x86.Build.0 = Release|Win32
	EndGlobalSection
	GlobalSection(SolutionProperties) = preSolution
		HideSolutionNode = FALSE
	EndGlobalSection
	GlobalSection(ExtensibilityGlobals) = postSolution
		SolutionGuid = {C8B41CCF-04E9-4A82-977A-B1E611606C10}
	EndGlobalSection
EndGlobal
